
Microsoft Visual Studio Solution File, Format Version 12.00
# Visual Studio Version 17
VisualStudioVersion = 17.10.34928.147
MinimumVisualStudioVersion = 10.0.40219.1
Project("{FAE04EC0-301F-11D3-BF4B-00C04F79EFBC}") = "Contract Monthly Claim System2", "Contract Monthly Claim System2.csproj", "{23DA211B-E5DA-4DAC-A742-D52358AABEF1}"
EndProject
Global
	GlobalSection(SolutionConfigurationPlatforms) = preSolution
		Debug|Any CPU = Debug|Any CPU
		Release|Any CPU = Release|Any CPU
	EndGlobalSection
	GlobalSection(ProjectConfigurationPlatforms) = postSolution
		{23DA211B-E5DA-4DAC-A742-D52358AABEF1}.Debug|Any CPU.ActiveCfg = Debug|Any CPU
		{23DA211B-E5DA-4DAC-A742-D52358AABEF1}.Debug|Any CPU.Build.0 = Debug|Any CPU
		{23DA211B-E5DA-4DAC-A742-D52358AABEF1}.Release|Any CPU.ActiveCfg = Release|Any CPU
		{23DA211B-E5DA-4DAC-A742-D52358AABEF1}.Release|Any CPU.Build.0 = Release|Any CPU
	EndGlobalSection
	GlobalSection(SolutionProperties) = preSolution
		HideSolutionNode = FALSE
	EndGlobalSection
	GlobalSection(ExtensibilityGlobals) = postSolution
		SolutionGuid = {1EAD0214-3D6E-4B1F-8515-76A39D957345}
	EndGlobalSection
EndGlobal
